
Microsoft Visual Studio Solution File, Format Version 12.00
# Visual Studio 15
VisualStudioVersion = 15.0.28307.705
MinimumVisualStudioVersion = 10.0.40219.1
Project("{FAE04EC0-301F-11D3-BF4B-00C04F79EFBC}") = "WebApiProj", "WebApiProj\WebApiProj.csproj", "{0F4134DF-8AFA-4588-B075-96329BED0908}"
EndProject
Global
	GlobalSection(SolutionConfigurationPlatforms) = preSolution
		Debug|Any CPU = Debug|Any CPU
		Release|Any CPU = Release|Any CPU
	EndGlobalSection
	GlobalSection(ProjectConfigurationPlatforms) = postSolution
		{0F4134DF-8AFA-4588-B075-96329BED0908}.Debug|Any CPU.ActiveCfg = Debug|Any CPU
		{0F4134DF-8AFA-4588-B075-96329BED0908}.Debug|Any CPU.Build.0 = Debug|Any CPU
		{0F4134DF-8AFA-4588-B075-96329BED0908}.Release|Any CPU.ActiveCfg = Release|Any CPU
		{0F4134DF-8AFA-4588-B075-96329BED0908}.Release|Any CPU.Build.0 = Release|Any CPU
	EndGlobalSection
	GlobalSection(SolutionProperties) = preSolution
		HideSolutionNode = FALSE
	EndGlobalSection
	GlobalSection(ExtensibilityGlobals) = postSolution
		SolutionGuid = {3FB87173-F31C-4F78-83E0-5D23D5510B11}
	EndGlobalSection
EndGlobal
